schema: '2.0'
stages:
  clone@0:
    cmd:
    - "if [ -d ~/example_repositories/tensorflow ]; then\n   echo 'Repository tensorflow
      already cloned, skipping';\nelse\n   git clone https://github.com/tensorflow/tensorflow.git
      ~/example_repositories/tensorflow;\nfi"
    - echo https://github.com/tensorflow/tensorflow.git >data/examples/tensorflow.url
    outs:
    - path: data/examples/tensorflow.url
      hash: md5
      md5: a11cc814a323d1cc021b7aad39314b11
      size: 45
  annotate@0:
    cmd: diff-annotate  from-repo --output-dir=data/examples/annotations/tensorflow/ezhulenev/
      ~/example_repositories/tensorflow --author=ezhulenev@google.com
    deps:
    - path: data/examples/tensorflow.url
      hash: md5
      md5: a11cc814a323d1cc021b7aad39314b11
      size: 45
    - path: src/diffannotator/annotate.py
      hash: md5
      md5: d49a7fbd89f66d8ad2f0b6222e26287a
      size: 108097
      isexec: true
    outs:
    - path: data/examples/annotations/tensorflow/ezhulenev/
      hash: md5
      md5: a50616b56fd64b6019e1b585015223c3.dir
      size: 131402200
      nfiles: 1896
  annotate@1:
    cmd: diff-annotate  from-repo --output-dir=data/examples/annotations/tensorflow/yong.tang/
      ~/example_repositories/tensorflow --author=yong.tang.github@outlook.com
    deps:
    - path: data/examples/tensorflow.url
      hash: md5
      md5: a11cc814a323d1cc021b7aad39314b11
      size: 45
    - path: src/diffannotator/annotate.py
      hash: md5
      md5: d49a7fbd89f66d8ad2f0b6222e26287a
      size: 108097
      isexec: true
    outs:
    - path: data/examples/annotations/tensorflow/yong.tang/
      hash: md5
      md5: a354491227c98b8322c15d93093eb573.dir
      size: 346116133
      nfiles: 1448
  purpose-counter@0:
    cmd: diff-gather-stats --annotations-dir='' purpose-counter --output=data/examples/stats/tensorflow.purpose-counter.json
      data/examples/annotations/tensorflow/
    deps:
    - path: data/examples/annotations/tensorflow
      hash: md5
      md5: 1df409d38808f2cfb8c11cd67b94426a.dir
      size: 477518355
      nfiles: 3345
    - path: src/diffannotator/gather_data.py
      hash: md5
      md5: 5793a85a43837207dcc383c67c9bdead
      size: 40387
      isexec: true
    outs:
    - path: data/examples/stats/tensorflow.purpose-counter.json
      hash: md5
      md5: 0c56637ea640e219b34f8efa1711317d
      size: 372026
  purpose-per-file@0:
    cmd: diff-gather-stats --annotations-dir='' purpose-per-file data/examples/stats/tensorflow.purpose-per-file.json
      data/examples/annotations/tensorflow/
    deps:
    - path: data/examples/annotations/tensorflow
      hash: md5
      md5: 1df409d38808f2cfb8c11cd67b94426a.dir
      size: 477518355
      nfiles: 3345
    - path: src/diffannotator/gather_data.py
      hash: md5
      md5: 5793a85a43837207dcc383c67c9bdead
      size: 40387
      isexec: true
    outs:
    - path: data/examples/stats/tensorflow.purpose-per-file.json
      hash: md5
      md5: 15fe13515a8af309e3bec0418457d278
      size: 2862957
  lines-stats@0:
    cmd: diff-gather-stats --annotations-dir='' lines-stats data/examples/stats/tensorflow.lines-stats.json
      data/examples/annotations/tensorflow/
    deps:
    - path: data/examples/annotations/tensorflow
      hash: md5
      md5: 1df409d38808f2cfb8c11cd67b94426a.dir
      size: 477518355
      nfiles: 3345
    - path: src/diffannotator/gather_data.py
      hash: md5
      md5: 5793a85a43837207dcc383c67c9bdead
      size: 40387
      isexec: true
    outs:
    - path: data/examples/stats/tensorflow.lines-stats.json
      hash: md5
      md5: 0180769c1f7927ec5abd6828dfef718f
      size: 14574335
  timeline@0:
    cmd: diff-gather-stats --annotations-dir='' timeline data/examples/stats/tensorflow.timeline.json
      data/examples/annotations/tensorflow/
    deps:
    - path: data/examples/annotations/tensorflow
      hash: md5
      md5: 1df409d38808f2cfb8c11cd67b94426a.dir
      size: 477518355
      nfiles: 3345
    - path: src/diffannotator/gather_data.py
      hash: md5
      md5: 5793a85a43837207dcc383c67c9bdead
      size: 40387
      isexec: true
    outs:
    - path: data/examples/stats/tensorflow.timeline.json
      hash: md5
      md5: 01da034ef05679097aecd42cda4ab2b8
      size: 4850510
  timeline.purpose-to-type@0:
    cmd: diff-gather-stats --annotations-dir='' timeline --purpose-to-annotation=data
      --purpose-to-annotation=documentation --purpose-to-annotation=markup --purpose-to-annotation=other
      --purpose-to-annotation=project --purpose-to-annotation=test data/examples/stats/tensorflow.timeline.purpose-to-type.json
      data/examples/annotations/tensorflow/
    deps:
    - path: data/examples/annotations/tensorflow
      hash: md5
      md5: 1df409d38808f2cfb8c11cd67b94426a.dir
      size: 477518355
      nfiles: 3345
    - path: src/diffannotator/gather_data.py
      hash: md5
      md5: 5793a85a43837207dcc383c67c9bdead
      size: 40387
      isexec: true
    outs:
    - path: data/examples/stats/tensorflow.timeline.purpose-to-type.json
      hash: md5
      md5: 35bf1704f95c3627d98048af825dd75c
      size: 4920695
  clone@1:
    cmd:
    - "if [ -d ~/example_repositories/qtile ]; then\n   echo 'Repository qtile already
      cloned, skipping';\nelse\n   git clone https://github.com/qtile/qtile.git ~/example_repositories/qtile;\n\
      fi"
    - echo https://github.com/qtile/qtile.git >data/examples/qtile.url
    outs:
    - path: data/examples/qtile.url
      hash: md5
      md5: 65e85b8107a3ef7dc9008e09c4e159d7
      size: 35
  annotate@2:
    cmd: diff-annotate --ext-to-language=".hgignore:Ignore List" --filename-to-language=".hgignore:Ignore
      List" --filename-to-language=README:Text --filename-to-language=PACKAGING:Text
      --filename-to-language=BUILDING:Text --filename-to-language=changelog:Text from-repo
      --output-dir=data/examples/annotations/qtile/all_authors-no_merges/ ~/example_repositories/qtile
      --max-parents=1
    deps:
    - path: data/examples/qtile.url
      hash: md5
      md5: 65e85b8107a3ef7dc9008e09c4e159d7
      size: 35
    - path: src/diffannotator/annotate.py
      hash: md5
      md5: d49a7fbd89f66d8ad2f0b6222e26287a
      size: 108097
      isexec: true
    outs:
    - path: data/examples/annotations/qtile/all_authors-no_merges/
      hash: md5
      md5: 61f7f0f9f312b8c91e23303ac632e243.dir
      size: 119378705
      nfiles: 5350
  purpose-counter@1:
    cmd: diff-gather-stats --annotations-dir='' purpose-counter --output=data/examples/stats/qtile.purpose-counter.json
      data/examples/annotations/qtile/
    deps:
    - path: data/examples/annotations/qtile
      hash: md5
      md5: 78618edca311d5ff742912dbfb7a13cc.dir
      size: 119378728
      nfiles: 5351
    - path: src/diffannotator/gather_data.py
      hash: md5
      md5: 5793a85a43837207dcc383c67c9bdead
      size: 40387
      isexec: true
    outs:
    - path: data/examples/stats/qtile.purpose-counter.json
      hash: md5
      md5: b0dcbb2fa55ce6aba56c7a17120cc438
      size: 632126
  purpose-per-file@1:
    cmd: diff-gather-stats --annotations-dir='' purpose-per-file data/examples/stats/qtile.purpose-per-file.json
      data/examples/annotations/qtile/
    deps:
    - path: data/examples/annotations/qtile
      hash: md5
      md5: 78618edca311d5ff742912dbfb7a13cc.dir
      size: 119378728
      nfiles: 5351
    - path: src/diffannotator/gather_data.py
      hash: md5
      md5: 5793a85a43837207dcc383c67c9bdead
      size: 40387
      isexec: true
    outs:
    - path: data/examples/stats/qtile.purpose-per-file.json
      hash: md5
      md5: 12c43896753be337ba4dce3f4092d96a
      size: 1846424
  lines-stats@1:
    cmd: diff-gather-stats --annotations-dir='' lines-stats data/examples/stats/qtile.lines-stats.json
      data/examples/annotations/qtile/
    deps:
    - path: data/examples/annotations/qtile
      hash: md5
      md5: 78618edca311d5ff742912dbfb7a13cc.dir
      size: 119378728
      nfiles: 5351
    - path: src/diffannotator/gather_data.py
      hash: md5
      md5: 5793a85a43837207dcc383c67c9bdead
      size: 40387
      isexec: true
    outs:
    - path: data/examples/stats/qtile.lines-stats.json
      hash: md5
      md5: a1e69ac39af0ec7e02c73b251e2c43e3
      size: 10097068
  timeline@1:
    cmd: diff-gather-stats --annotations-dir='' timeline data/examples/stats/qtile.timeline.json
      data/examples/annotations/qtile/
    deps:
    - path: data/examples/annotations/qtile
      hash: md5
      md5: 78618edca311d5ff742912dbfb7a13cc.dir
      size: 119378728
      nfiles: 5351
    - path: src/diffannotator/gather_data.py
      hash: md5
      md5: 5793a85a43837207dcc383c67c9bdead
      size: 40387
      isexec: true
    outs:
    - path: data/examples/stats/qtile.timeline.json
      hash: md5
      md5: 4b7312955967b48a245c51c73c9aade8
      size: 7351883
  timeline.purpose-to-type@1:
    cmd: diff-gather-stats --annotations-dir='' timeline --purpose-to-annotation=data
      --purpose-to-annotation=documentation --purpose-to-annotation=markup --purpose-to-annotation=other
      --purpose-to-annotation=project --purpose-to-annotation=test data/examples/stats/qtile.timeline.purpose-to-type.json
      data/examples/annotations/qtile/
    deps:
    - path: data/examples/annotations/qtile
      hash: md5
      md5: 78618edca311d5ff742912dbfb7a13cc.dir
      size: 119378728
      nfiles: 5351
    - path: src/diffannotator/gather_data.py
      hash: md5
      md5: 5793a85a43837207dcc383c67c9bdead
      size: 40387
      isexec: true
    outs:
    - path: data/examples/stats/qtile.timeline.purpose-to-type.json
      hash: md5
      md5: 75f761904a86592cca770c069e289ddc
      size: 7386672
  clone@2:
    cmd:
    - "if [ -d ~/example_repositories/linux ]; then\n   echo 'Repository linux already
      cloned, skipping';\nelse\n   git clone git://git.kernel.org/pub/scm/linux/kernel/git/torvalds/linux.git
      ~/example_repositories/linux;\nfi"
    - echo git://git.kernel.org/pub/scm/linux/kernel/git/torvalds/linux.git >data/examples/linux.url
    outs:
    - path: data/examples/linux.url
      hash: md5
      md5: 1fd6e4b3cfc39ed190f975f81cb785af
      size: 65
  annotate@3:
    cmd: diff-annotate --ext-to-language=.rs:Rust --filename-to-language=Makefile.lib:Makefile
      --filename-to-language=Makefile.config:Makefile --filename-to-language=Makefile.deps:Makefile
      --filename-to-language=Makefile.perf:Makefile --filename-to-language=Makefile.ubsan:Makefile
      --pattern-to-purpose=Makefile.*:project --filename-to-language=Kconfig:Kconfig
      --filename-to-language=Kconfig.debug:Kconfig --pattern-to-purpose=Kconfig*:project
      --ext-to-language=".S:Unix Assembly" --ext-to-language=".rules:Udev Rules File"
      --filename-to-language=README:Text --filename-to-language=CONTRIBUTORS:Text
      --filename-to-language=MAINTAINERS:Text --ext-to-language=".dts:Device Tree
      Source" --ext-to-language=".dtsi:Device Tree Source include" --ext-to-language=".dtso:Device
      Tree Source overlay" --pattern-to-purpose=*.dts:data --pattern-to-purpose=*.dts?:data
      from-repo --output-dir=data/examples/annotations/linux/all_authors-last_release/
      ~/example_repositories/linux --max-parents=1 v6.8..v6.9
    deps:
    - path: data/examples/linux.url
      hash: md5
      md5: 1fd6e4b3cfc39ed190f975f81cb785af
      size: 65
    - path: src/diffannotator/annotate.py
      hash: md5
      md5: d49a7fbd89f66d8ad2f0b6222e26287a
      size: 108097
      isexec: true
    outs:
    - path: data/examples/annotations/linux/all_authors-last_release/
      hash: md5
      md5: 442757f40fc251f291247e36c9c3d8a4.dir
      size: 332340929
      nfiles: 14480
  purpose-counter@2:
    cmd: diff-gather-stats --annotations-dir='' purpose-counter --output=data/examples/stats/linux.purpose-counter.json
      data/examples/annotations/linux/
    deps:
    - path: data/examples/annotations/linux
      hash: md5
      md5: dffb770bcd1348514387a55b1762cbbc.dir
      size: 332340955
      nfiles: 14481
    - path: src/diffannotator/gather_data.py
      hash: md5
      md5: 5793a85a43837207dcc383c67c9bdead
      size: 40387
      isexec: true
    outs:
    - path: data/examples/stats/linux.purpose-counter.json
      hash: md5
      md5: a3f16fa38dd7044b08e5c5182d11c17e
      size: 1752905
  purpose-per-file@2:
    cmd: diff-gather-stats --annotations-dir='' purpose-per-file data/examples/stats/linux.purpose-per-file.json
      data/examples/annotations/linux/
    deps:
    - path: data/examples/annotations/linux
      hash: md5
      md5: dffb770bcd1348514387a55b1762cbbc.dir
      size: 332340955
      nfiles: 14481
    - path: src/diffannotator/gather_data.py
      hash: md5
      md5: 5793a85a43837207dcc383c67c9bdead
      size: 40387
      isexec: true
    outs:
    - path: data/examples/stats/linux.purpose-per-file.json
      hash: md5
      md5: 7413e3aba612ce3028231c30536a9560
      size: 4244726
  lines-stats@2:
    cmd: diff-gather-stats --annotations-dir='' lines-stats data/examples/stats/linux.lines-stats.json
      data/examples/annotations/linux/
    deps:
    - path: data/examples/annotations/linux
      hash: md5
      md5: dffb770bcd1348514387a55b1762cbbc.dir
      size: 332340955
      nfiles: 14481
    - path: src/diffannotator/gather_data.py
      hash: md5
      md5: 5793a85a43837207dcc383c67c9bdead
      size: 40387
      isexec: true
    outs:
    - path: data/examples/stats/linux.lines-stats.json
      hash: md5
      md5: 448196eeff00860b6357b4fe43fc575d
      size: 20914254
  timeline@2:
    cmd: diff-gather-stats --annotations-dir='' timeline data/examples/stats/linux.timeline.json
      data/examples/annotations/linux/
    deps:
    - path: data/examples/annotations/linux
      hash: md5
      md5: dffb770bcd1348514387a55b1762cbbc.dir
      size: 332340955
      nfiles: 14481
    - path: src/diffannotator/gather_data.py
      hash: md5
      md5: 5793a85a43837207dcc383c67c9bdead
      size: 40387
      isexec: true
    outs:
    - path: data/examples/stats/linux.timeline.json
      hash: md5
      md5: a0740906c53228e04fc1e115f7c46214
      size: 19545066
  timeline.purpose-to-type@2:
    cmd: diff-gather-stats --annotations-dir='' timeline --purpose-to-annotation=data
      --purpose-to-annotation=documentation --purpose-to-annotation=markup --purpose-to-annotation=other
      --purpose-to-annotation=project --purpose-to-annotation=test data/examples/stats/linux.timeline.purpose-to-type.json
      data/examples/annotations/linux/
    deps:
    - path: data/examples/annotations/linux
      hash: md5
      md5: dffb770bcd1348514387a55b1762cbbc.dir
      size: 332340955
      nfiles: 14481
    - path: src/diffannotator/gather_data.py
      hash: md5
      md5: 5793a85a43837207dcc383c67c9bdead
      size: 40387
      isexec: true
    outs:
    - path: data/examples/stats/linux.timeline.purpose-to-type.json
      hash: md5
      md5: 0ee3c88ef88ce51aec95ea05e300c0e1
      size: 19515897
  clone@3:
    cmd:
    - "if [ -d ~/example_repositories/git ]; then\n   echo 'Repository git already
      cloned, skipping';\nelse\n   git clone https://github.com/git/git.git ~/example_repositories/git;\n\
      fi"
    - echo https://github.com/git/git.git >data/examples/git.url
    outs:
    - path: data/examples/git.url
      hash: md5
      md5: 6e4523af8d6455e694d66f7046520608
      size: 31
  annotate@4:
    cmd: diff-annotate --ext-to-language=.cgi:Perl --filename-to-language=config.mak.in:Makefile
      --filename-to-language="git.spec.in:RPM Spec" from-repo --output-dir=data/examples/annotations/git/jnareb/
      ~/example_repositories/git --max-parents=1 --author=jnareb
    deps:
    - path: data/examples/git.url
      hash: md5
      md5: 6e4523af8d6455e694d66f7046520608
      size: 31
    - path: src/diffannotator/annotate.py
      hash: md5
      md5: d49a7fbd89f66d8ad2f0b6222e26287a
      size: 108097
      isexec: true
    outs:
    - path: data/examples/annotations/git/jnareb/
      hash: md5
      md5: 269857edaabeb157683441cef840f1b5.dir
      size: 8982997
      nfiles: 512
  purpose-counter@3:
    cmd: diff-gather-stats --annotations-dir='' purpose-counter --output=data/examples/stats/git.purpose-counter.json
      data/examples/annotations/git/
    deps:
    - path: data/examples/annotations/git
      hash: md5
      md5: fad98540718815915d593ad5b3f52644.dir
      size: 8983005
      nfiles: 513
    - path: src/diffannotator/gather_data.py
      hash: md5
      md5: 5793a85a43837207dcc383c67c9bdead
      size: 40387
      isexec: true
    outs:
    - path: data/examples/stats/git.purpose-counter.json
      hash: md5
      md5: 4cc8182de8dfb960b8afae616541f022
      size: 52426
  purpose-per-file@3:
    cmd: diff-gather-stats --annotations-dir='' purpose-per-file data/examples/stats/git.purpose-per-file.json
      data/examples/annotations/git/
    deps:
    - path: data/examples/annotations/git
      hash: md5
      md5: fad98540718815915d593ad5b3f52644.dir
      size: 8983005
      nfiles: 513
    - path: src/diffannotator/gather_data.py
      hash: md5
      md5: 5793a85a43837207dcc383c67c9bdead
      size: 40387
      isexec: true
    outs:
    - path: data/examples/stats/git.purpose-per-file.json
      hash: md5
      md5: 7c1fd38ca1f9949e0da79cd0640ad83f
      size: 100370
  lines-stats@3:
    cmd: diff-gather-stats --annotations-dir='' lines-stats data/examples/stats/git.lines-stats.json
      data/examples/annotations/git/
    deps:
    - path: data/examples/annotations/git
      hash: md5
      md5: fad98540718815915d593ad5b3f52644.dir
      size: 8983005
      nfiles: 513
    - path: src/diffannotator/gather_data.py
      hash: md5
      md5: 5793a85a43837207dcc383c67c9bdead
      size: 40387
      isexec: true
    outs:
    - path: data/examples/stats/git.lines-stats.json
      hash: md5
      md5: 1c61d666cf375549c5dc6f804715de44
      size: 479720
  lines-stats.purpose-to-type@0:
    cmd: diff-gather-stats --annotations-dir='' lines-stats --purpose-to-annotation=data
      --purpose-to-annotation=documentation --purpose-to-annotation=markup --purpose-to-annotation=other
      --purpose-to-annotation=project --purpose-to-annotation=test data/examples/stats/tensorflow.lines-stats.purpose-to-type.json
      data/examples/annotations/tensorflow/
    deps:
    - path: data/examples/annotations/tensorflow
      hash: md5
      md5: 1df409d38808f2cfb8c11cd67b94426a.dir
      size: 477518355
      nfiles: 3345
    - path: src/diffannotator/gather_data.py
      hash: md5
      md5: 5793a85a43837207dcc383c67c9bdead
      size: 40387
      isexec: true
    outs:
    - path: data/examples/stats/tensorflow.lines-stats.purpose-to-type.json
      hash: md5
      md5: 0a108ac98b6e989e4f28fa90cc20f8e3
      size: 14210870
  lines-stats.purpose-to-type@1:
    cmd: diff-gather-stats --annotations-dir='' lines-stats --purpose-to-annotation=data
      --purpose-to-annotation=documentation --purpose-to-annotation=markup --purpose-to-annotation=other
      --purpose-to-annotation=project --purpose-to-annotation=test data/examples/stats/qtile.lines-stats.purpose-to-type.json
      data/examples/annotations/qtile/
    deps:
    - path: data/examples/annotations/qtile
      hash: md5
      md5: 78618edca311d5ff742912dbfb7a13cc.dir
      size: 119378728
      nfiles: 5351
    - path: src/diffannotator/gather_data.py
      hash: md5
      md5: 5793a85a43837207dcc383c67c9bdead
      size: 40387
      isexec: true
    outs:
    - path: data/examples/stats/qtile.lines-stats.purpose-to-type.json
      hash: md5
      md5: a6ed6ddfaf395ded9b826209d3a20035
      size: 9943546
  lines-stats.purpose-to-type@2:
    cmd: diff-gather-stats --annotations-dir='' lines-stats --purpose-to-annotation=data
      --purpose-to-annotation=documentation --purpose-to-annotation=markup --purpose-to-annotation=other
      --purpose-to-annotation=project --purpose-to-annotation=test data/examples/stats/linux.lines-stats.purpose-to-type.json
      data/examples/annotations/linux/
    deps:
    - path: data/examples/annotations/linux
      hash: md5
      md5: dffb770bcd1348514387a55b1762cbbc.dir
      size: 332340955
      nfiles: 14481
    - path: src/diffannotator/gather_data.py
      hash: md5
      md5: 5793a85a43837207dcc383c67c9bdead
      size: 40387
      isexec: true
    outs:
    - path: data/examples/stats/linux.lines-stats.purpose-to-type.json
      hash: md5
      md5: 9d8adf351a8e6d6aa494ef3c29c8a0ec
      size: 20720671
  lines-stats.purpose-to-type@3:
    cmd: diff-gather-stats --annotations-dir='' lines-stats --purpose-to-annotation=data
      --purpose-to-annotation=documentation --purpose-to-annotation=markup --purpose-to-annotation=other
      --purpose-to-annotation=project --purpose-to-annotation=test data/examples/stats/git.lines-stats.purpose-to-type.json
      data/examples/annotations/git/
    deps:
    - path: data/examples/annotations/git
      hash: md5
      md5: fad98540718815915d593ad5b3f52644.dir
      size: 8983005
      nfiles: 513
    - path: src/diffannotator/gather_data.py
      hash: md5
      md5: 5793a85a43837207dcc383c67c9bdead
      size: 40387
      isexec: true
    outs:
    - path: data/examples/stats/git.lines-stats.purpose-to-type.json
      hash: md5
      md5: 236ad79f86fd8ed4b0812b03923328a7
      size: 476194
  timeline@3:
    cmd: diff-gather-stats --annotations-dir='' timeline data/examples/stats/git.timeline.json
      data/examples/annotations/git/
    deps:
    - path: data/examples/annotations/git
      hash: md5
      md5: fad98540718815915d593ad5b3f52644.dir
      size: 8983005
      nfiles: 513
    - path: src/diffannotator/gather_data.py
      hash: md5
      md5: 5793a85a43837207dcc383c67c9bdead
      size: 40387
      isexec: true
    outs:
    - path: data/examples/stats/git.timeline.json
      hash: md5
      md5: 2177778b4ec27ff551baca5742e53fd8
      size: 683464
  timeline.purpose-to-type@3:
    cmd: diff-gather-stats --annotations-dir='' timeline --purpose-to-annotation=data
      --purpose-to-annotation=documentation --purpose-to-annotation=markup --purpose-to-annotation=other
      --purpose-to-annotation=project --purpose-to-annotation=test data/examples/stats/git.timeline.purpose-to-type.json
      data/examples/annotations/git/
    deps:
    - path: data/examples/annotations/git
      hash: md5
      md5: fad98540718815915d593ad5b3f52644.dir
      size: 8983005
      nfiles: 513
    - path: src/diffannotator/gather_data.py
      hash: md5
      md5: 5793a85a43837207dcc383c67c9bdead
      size: 40387
      isexec: true
    outs:
    - path: data/examples/stats/git.timeline.purpose-to-type.json
      hash: md5
      md5: 4c2586d70049be0f374c5d1cebc71264
      size: 684616
